{
  "nodes": {
    "catppuccin": {
      "inputs": {
        "nixpkgs": [
          "nixos"
        ]
      },
      "locked": {
        "lastModified": 1788792980,
        "narHash": "sha256-TX/Z3PQZQVHgy4g9OZpflVpuazwturkGolsRDkFVHiU=",
        "owner": "catppuccin",
        "repo": "nix",
        "rev": "3142fdbeea0b181ad6600587dfe484ccb644dcc6",
        "type": "github"
      },
      "original": {
        "owner": "catppuccin",
        "repo": "nix",
        "type": "github"
      }
    },
    "caveman": {
      "flake": false,
      "locked": {
        "lastModified": 1788769183,
        "narHash": "sha256-GuCK3oy0DsMOQq7gHjIY/aeaukJcTvelfg+tp7R7Du4=",
        "owner": "JuliusBrussee",
        "repo": "caveman",
        "rev": "15581d14007fd01fb3f132016741962f34936ca2",
        "type": "github"
      },
      "original": {
        "owner": "JuliusBrussee",
        "repo": "caveman",
        "type": "github"
      }
    },
    "chatgpt-desktop-linux": {
      "inputs": {
        "nixpkgs": [
          "nixos"
        ]
      },
      "locked": {
        "lastModified": 1787758777,
        "narHash": "sha256-jYx/ZI5NZ+CPzPWO1sEO5hiUhzKkPKjahMRLzJO+/BA=",
        "owner": "Tenshock",
        "repo": "chatgpt-desktop-linux",
        "rev": "ff66d5563b3158d43c0c25c926e3ce21f40e09f8",
        "type": "github"
      },
      "original": {
        "owner": "Tenshock",
        "repo": "chatgpt-desktop-linux",
        "type": "github"
      }
    },
    "disko": {
      "inputs": {
        "nixpkgs": [
          "nixos"
        ]
      },
      "locked": {
        "lastModified": 1768920986,
        "narHash": "sha256-CNzzBsRhq7gg4BMBuTDObiWDH/rFYHEuDRVOwCcwXw4=",
        "owner": "nix-community",
        "repo": "disko",
        "rev": "de5708739256238fb912c62f03988815db89ec9a",
        "type": "github"
      },
      "original": {
        "owner": "nix-community",
        "ref": "latest",
        "repo": "disko",
        "type": "github"
      }
    },
    "firefox-addons": {
      "inputs": {
        "nixpkgs": [
          "nixos"
        ]
      },
      "locked": {
        "dir": "pkgs/firefox-addons",
        "lastModified": 1789358577,
        "narHash": "sha256-Mq0Ft/ro4yiMB2IODMvDWJKT1udx3oDVME8mlL2Os7s=",
        "owner": "rycee",
        "repo": "nur-expressions",
        "rev": "53450d808b7ef559de667a5df31e529c00a7c9ec",
        "type": "gitlab"
      },
      "original": {
        "dir": "pkgs/firefox-addons",
        "owner": "rycee",
        "repo": "nur-expressions",
        "type": "gitlab"
      }
    },
    "flake-utils": {
      "inputs": {
        "systems": "systems"
      },
      "locked": {
        "lastModified": 1731533236,
        "narHash": "sha256-l0KFg5HjrsfsO/JpG+r7fRrqm12kzFHyUHqHCVpMMbI=",
        "owner": "numtide",
        "repo": "flake-utils",
        "rev": "11707dc2f618dd54ca8739b309ec4fc024de578b",
        "type": "github"
      },
      "original": {
        "owner": "numtide",
        "repo": "flake-utils",
        "type": "github"
      }
    },
    "home-manager": {
      "inputs": {
        "nixpkgs": [
          "nixos"
        ]
      },
      "locked": {
        "lastModified": 1789386765,
        "narHash": "sha256-4hyLFBhzQC7+qPMELWc7J/sbdA6ckXZxXU9CYRsGhsc=",
        "owner": "nix-community",
        "repo": "home-manager",
        "rev": "87c391f49a34660de6010f35bb50fb1bf811be9f",
        "type": "github"
      },
      "original": {
        "owner": "nix-community",
        "repo": "home-manager",
        "type": "github"
      }
    },
    "lazyvim-nix": {
      "inputs": {
        "flake-utils": "flake-utils",
        "nixpkgs": [
          "nixos"
        ]
      },
      "locked": {
        "lastModified": 1788971242,
        "narHash": "sha256-XGWQ4CtmuRH+4NijKC5OlMMd32Au7plsIaiaCWuM4to=",
        "owner": "pfassina",
        "repo": "lazyvim-nix",
        "rev": "21893371738a6734c2a8ca455d92d57cc8accf83",
        "type": "github"
      },
      "original": {
        "owner": "pfassina",
        "repo": "lazyvim-nix",
        "type": "github"
      }
    },
    "monique": {
      "inputs": {
        "nixpkgs": [
          "nixos"
        ]
      },
      "locked": {
        "lastModified": 1788962331,
        "narHash": "sha256-GABV9S8dcp2gjBnYDL4P8VOVbp2SCKjO1dNTIFPpVZ4=",
        "owner": "ToRvaLDz",
        "repo": "monique",
        "rev": "4d6646826df19db19d73875284140a8da4d1fea6",
        "type": "github"
      },
      "original": {
        "owner": "ToRvaLDz",
        "repo": "monique",
        "type": "github"
      }
    },
    "neotest-nodejs": {
      "flake": false,
      "locked": {
        "lastModified": 1782407420,
        "narHash": "sha256-tUiq9Doz12fWhcmh5n1V9u6a1ycwHMOH5yL3unZq2Os=",
        "owner": "AkisArou",
        "repo": "neotest-nodejs",
        "rev": "68e558dff61f7ac630f55ab63a092c1767965386",
        "type": "github"
      },
      "original": {
        "owner": "AkisArou",
        "repo": "neotest-nodejs",
        "type": "github"
      }
    },
    "neotest-vstest": {
      "flake": false,
      "locked": {
        "lastModified": 1788463364,
        "narHash": "sha256-/keFBE17+jjbyLor60CjxwYvcUHfyA/Bod1Lel9dRps=",
        "owner": "Nsidorenco",
        "repo": "neotest-vstest",
        "rev": "de30c7978937d07e6d29ab7807a00fad1c61120b",
        "type": "github"
      },
      "original": {
        "owner": "Nsidorenco",
        "repo": "neotest-vstest",
        "type": "github"
      }
    },
    "nixos": {
      "locked": {
        "lastModified": 1789286504,
        "narHash": "sha256-eiEK7cKZORNEvX0GeF3RtNEF/JXhgf2RqSp3230q13E=",
        "owner": "NixOS",
        "repo": "nixpkgs",
        "rev": "ef34387ddd751e1ab8857adf4676492d32eb24ec",
        "type": "github"
      },
      "original": {
        "owner": "NixOS",
        "ref": "nixos-unstable",
        "repo": "nixpkgs",
        "type": "github"
      }
    },
    "nixos-hardware": {
      "inputs": {
        "nixpkgs": [
          "nixos"
        ]
      },
      "locked": {
        "lastModified": 1789127271,
        "narHash": "sha256-vL/Fpo7Zxa7wvO8V5FAToUBvP+K3XsMB1wUglTtd/J0=",
        "owner": "NixOS",
        "repo": "nixos-hardware",
        "rev": "24cfdc1f9344b90a1eee329a3906e2f39f4d0f1e",
        "type": "github"
      },
      "original": {
        "owner": "NixOS",
        "repo": "nixos-hardware",
        "type": "github"
      }
    },
    "nixpkgs-nvbroadcast": {
      "locked": {
        "lastModified": 1789387446,
        "narHash": "sha256-zd2vRB8LGICh/y58CN5bhkL0Z5SSD3O3kiMQl9Rdhbo=",
        "owner": "Tenshock",
        "repo": "nixpkgs",
        "rev": "e740dc3e528aea5216082ff1bd4f296ac0d55d91",
        "type": "github"
      },
      "original": {
        "owner": "Tenshock",
        "ref": "add-nvbroadcast",
        "repo": "nixpkgs",
        "type": "github"
      }
    },
    "root": {
      "inputs": {
        "catppuccin": "catppuccin",
        "caveman": "caveman",
        "chatgpt-desktop-linux": "chatgpt-desktop-linux",
        "disko": "disko",
        "firefox-addons": "firefox-addons",
        "home-manager": "home-manager",
        "lazyvim-nix": "lazyvim-nix",
        "monique": "monique",
        "neotest-nodejs": "neotest-nodejs",
        "neotest-vstest": "neotest-vstest",
        "nixos": "nixos",
        "nixos-hardware": "nixos-hardware",
        "nixpkgs-nvbroadcast": "nixpkgs-nvbroadcast",
        "tchap-desktop": "tchap-desktop",
        "telescope-terraform-doc-nvim": "telescope-terraform-doc-nvim",
        "telescope-terraform-nvim": "telescope-terraform-nvim",
        "zen-browser": "zen-browser"
      }
    },
    "systems": {
      "locked": {
        "lastModified": 1681028828,
        "narHash": "sha256-Vy1rq5AaRuLzOxct8nz4T6wlgyUR7zLU309k9mBC768=",
        "owner": "nix-systems",
        "repo": "default",
        "rev": "da67096a3b9bf56a91d16901293e51ba5b49a27e",
        "type": "github"
      },
      "original": {
        "owner": "nix-systems",
        "repo": "default",
        "type": "github"
      }
    },
    "tchap-desktop": {
      "inputs": {
        "nixpkgs": [
          "nixos"
        ]
      },
      "locked": {
        "lastModified": 1788815622,
        "narHash": "sha256-FasUKQNNe8+CeL4jFj5jToSPAx516IodwBJZ3IKoro0=",
        "owner": "Tenshock",
        "repo": "tchap-desktop",
        "rev": "8e000089320606ceea6c2be18085b5f7c6f6eb5b",
        "type": "github"
      },
      "original": {
        "owner": "Tenshock",
        "ref": "feat/nix-package",
        "repo": "tchap-desktop",
        "type": "github"
      }
    },
    "telescope-terraform-doc-nvim": {
      "flake": false,
      "locked": {
        "lastModified": 1761352877,
        "narHash": "sha256-yv+/pabR/Reaj5+DSmHhW/viPdqLlq58bekY1lKVGhE=",
        "owner": "ANGkeith",
        "repo": "telescope-terraform-doc.nvim",
        "rev": "66987fac94d12704fdfd90b857f4f648e31251c9",
        "type": "github"
      },
      "original": {
        "owner": "ANGkeith",
        "repo": "telescope-terraform-doc.nvim",
        "type": "github"
      }
    },
    "telescope-terraform-nvim": {
      "flake": false,
      "locked": {
        "lastModified": 1639890667,
        "narHash": "sha256-uXWW7ewAHZlTF1BDpwgCkB4969PD6K1T5kLte5CJvTg=",
        "owner": "cappyzawa",
        "repo": "telescope-terraform.nvim",
        "rev": "072c97023797ca1a874668aaa6ae0b74425335df",
        "type": "github"
      },
      "original": {
        "owner": "cappyzawa",
        "repo": "telescope-terraform.nvim",
        "type": "github"
      }
    },
    "zen-browser": {
      "inputs": {
        "home-manager": [
          "home-manager"
        ],
        "nixpkgs": [
          "nixos"
        ]
      },
      "locked": {
        "lastModified": 1789387191,
        "narHash": "sha256-UWMvwIlLV3zF2Mkwus17NfLyBzwBsR/5pHFxrWWGyaA=",
        "owner": "0xc000022070",
        "repo": "zen-browser-flake",
        "rev": "6a281d7c09c0ed6450c5c948ee9a387390285317",
        "type": "github"
      },
      "original": {
        "owner": "0xc000022070",
        "repo": "zen-browser-flake",
        "type": "github"
      }
    }
  },
  "root": "root",
  "version": 7
}
