{
  "nodes": {
    "catppuccin": {
      "inputs": {
        "nixpkgs": [
          "nixos"
        ]
      },
      "locked": {
        "lastModified": 1789553013,
        "narHash": "sha256-W5dvgFOuVs24X3G5tUb8C2IHU7ICXNvyGPiWWFjfbuo=",
        "owner": "catppuccin",
        "repo": "nix",
        "rev": "89b3eacf59d6b5eefbc2d69c3a4eb5aaf66d63bc",
        "type": "github"
      },
      "original": {
        "owner": "catppuccin",
        "repo": "nix",
        "type": "github"
      }
    },
    "caveman": {
      "flake": false,
      "locked": {
        "lastModified": 1791092083,
        "narHash": "sha256-ZkDCcKjrh5VybFBg28A29hlNz+b0Bi/wKbTzZ22diKY=",
        "owner": "JuliusBrussee",
        "repo": "caveman",
        "rev": "6571943370f7c9d4de1946481177ee7b306cd8e8",
        "type": "github"
      },
      "original": {
        "owner": "JuliusBrussee",
        "repo": "caveman",
        "type": "github"
      }
    },
    "chatgpt-desktop-linux": {
      "inputs": {
        "nixpkgs": [
          "nixos"
        ]
      },
      "locked": {
        "lastModified": 1787758777,
        "narHash": "sha256-jYx/ZI5NZ+CPzPWO1sEO5hiUhzKkPKjahMRLzJO+/BA=",
        "owner": "Tenshock",
        "repo": "chatgpt-desktop-linux",
        "rev": "ff66d5563b3158d43c0c25c926e3ce21f40e09f8",
        "type": "github"
      },
      "original": {
        "owner": "Tenshock",
        "repo": "chatgpt-desktop-linux",
        "type": "github"
      }
    },
    "disko": {
      "inputs": {
        "nixpkgs": [
          "nixos"
        ]
      },
      "locked": {
        "lastModified": 1768920986,
        "narHash": "sha256-CNzzBsRhq7gg4BMBuTDObiWDH/rFYHEuDRVOwCcwXw4=",
        "owner": "nix-community",
        "repo": "disko",
        "rev": "de5708739256238fb912c62f03988815db89ec9a",
        "type": "github"
      },
      "original": {
        "owner": "nix-community",
        "ref": "latest",
        "repo": "disko",
        "type": "github"
      }
    },
    "firefox-addons": {
      "inputs": {
        "nixpkgs": [
          "nixos"
        ]
      },
      "locked": {
        "dir": "pkgs/firefox-addons",
        "lastModified": 1791172946,
        "narHash": "sha256-dqhLZafEJaHmjoVpss9kC/gNY0K25rZEq+W9NWLepZE=",
        "owner": "rycee",
        "repo": "nur-expressions",
        "rev": "b29e6cab45b83b19338d80037f60ffd5f32728d4",
        "type": "gitlab"
      },
      "original": {
        "dir": "pkgs/firefox-addons",
        "owner": "rycee",
        "repo": "nur-expressions",
        "type": "gitlab"
      }
    },
    "flake-utils": {
      "inputs": {
        "systems": "systems"
      },
      "locked": {
        "lastModified": 1731533236,
        "narHash": "sha256-l0KFg5HjrsfsO/JpG+r7fRrqm12kzFHyUHqHCVpMMbI=",
        "owner": "numtide",
        "repo": "flake-utils",
        "rev": "11707dc2f618dd54ca8739b309ec4fc024de578b",
        "type": "github"
      },
      "original": {
        "owner": "numtide",
        "repo": "flake-utils",
        "type": "github"
      }
    },
    "home-manager": {
      "inputs": {
        "nixpkgs": [
          "nixos"
        ]
      },
      "locked": {
        "lastModified": 1791163078,
        "narHash": "sha256-DiuwfdoZtEqVRsWuAhXcHa+cfvkr0t/xWW8ugkcxNyI=",
        "owner": "nix-community",
        "repo": "home-manager",
        "rev": "f53f3267f5d009dd8f99443505e609389d7ff267",
        "type": "github"
      },
      "original": {
        "owner": "nix-community",
        "repo": "home-manager",
        "type": "github"
      }
    },
    "lazyvim-nix": {
      "inputs": {
        "flake-utils": "flake-utils",
        "nixpkgs": [
          "nixos"
        ]
      },
      "locked": {
        "lastModified": 1788971242,
        "narHash": "sha256-XGWQ4CtmuRH+4NijKC5OlMMd32Au7plsIaiaCWuM4to=",
        "owner": "pfassina",
        "repo": "lazyvim-nix",
        "rev": "21893371738a6734c2a8ca455d92d57cc8accf83",
        "type": "github"
      },
      "original": {
        "owner": "pfassina",
        "repo": "lazyvim-nix",
        "type": "github"
      }
    },
    "monique": {
      "inputs": {
        "nixpkgs": [
          "nixos"
        ]
      },
      "locked": {
        "lastModified": 1790777915,
        "narHash": "sha256-PCyPeuETT7pVCsYKfPXE6sGgleOV6ceQXVXWLQ8rIzY=",
        "owner": "ToRvaLDz",
        "repo": "monique",
        "rev": "f993a62e8e0e6db204daccd6e55d6b20d0bca36e",
        "type": "github"
      },
      "original": {
        "owner": "ToRvaLDz",
        "repo": "monique",
        "type": "github"
      }
    },
    "neotest-nodejs": {
      "flake": false,
      "locked": {
        "lastModified": 1790793855,
        "narHash": "sha256-w6KphZwnwbsGBOkCe5dnqy5sENK20AlD+4XwudXPmXI=",
        "owner": "AkisArou",
        "repo": "neotest-nodejs",
        "rev": "fc254cd0c91ad2b28aa457e20b3bd02216bfc433",
        "type": "github"
      },
      "original": {
        "owner": "AkisArou",
        "repo": "neotest-nodejs",
        "type": "github"
      }
    },
    "neotest-vstest": {
      "flake": false,
      "locked": {
        "lastModified": 1788463364,
        "narHash": "sha256-/keFBE17+jjbyLor60CjxwYvcUHfyA/Bod1Lel9dRps=",
        "owner": "Nsidorenco",
        "repo": "neotest-vstest",
        "rev": "de30c7978937d07e6d29ab7807a00fad1c61120b",
        "type": "github"
      },
      "original": {
        "owner": "Nsidorenco",
        "repo": "neotest-vstest",
        "type": "github"
      }
    },
    "nixos": {
      "locked": {
        "lastModified": 1791048980,
        "narHash": "sha256-KgItSKML8Xvte0B7/uGnBDsYzSnnKHcOaiUbgWBXLXw=",
        "owner": "NixOS",
        "repo": "nixpkgs",
        "rev": "a7868a727837f3c09cee2ce0ca671c76b1589fed",
        "type": "github"
      },
      "original": {
        "owner": "NixOS",
        "ref": "nixos-unstable",
        "repo": "nixpkgs",
        "type": "github"
      }
    },
    "nixos-hardware": {
      "inputs": {
        "nixpkgs": [
          "nixos"
        ]
      },
      "locked": {
        "lastModified": 1791128201,
        "narHash": "sha256-rlsYY/Dg/LhbIj51Aa6TLvRpZeb3KZgUTd7llQ5XcJE=",
        "owner": "NixOS",
        "repo": "nixos-hardware",
        "rev": "31cc5f4d9b9ba601071e8b8504601b9b176e2756",
        "type": "github"
      },
      "original": {
        "owner": "NixOS",
        "repo": "nixos-hardware",
        "type": "github"
      }
    },
    "nixpkgs-nvbroadcast": {
      "locked": {
        "lastModified": 1789387446,
        "narHash": "sha256-zd2vRB8LGICh/y58CN5bhkL0Z5SSD3O3kiMQl9Rdhbo=",
        "owner": "Tenshock",
        "repo": "nixpkgs",
        "rev": "e740dc3e528aea5216082ff1bd4f296ac0d55d91",
        "type": "github"
      },
      "original": {
        "owner": "Tenshock",
        "ref": "add-nvbroadcast",
        "repo": "nixpkgs",
        "type": "github"
      }
    },
    "root": {
      "inputs": {
        "catppuccin": "catppuccin",
        "caveman": "caveman",
        "chatgpt-desktop-linux": "chatgpt-desktop-linux",
        "disko": "disko",
        "firefox-addons": "firefox-addons",
        "home-manager": "home-manager",
        "lazyvim-nix": "lazyvim-nix",
        "monique": "monique",
        "neotest-nodejs": "neotest-nodejs",
        "neotest-vstest": "neotest-vstest",
        "nixos": "nixos",
        "nixos-hardware": "nixos-hardware",
        "nixpkgs-nvbroadcast": "nixpkgs-nvbroadcast",
        "tchap-desktop": "tchap-desktop",
        "telescope-terraform-doc-nvim": "telescope-terraform-doc-nvim",
        "telescope-terraform-nvim": "telescope-terraform-nvim",
        "zen-browser": "zen-browser"
      }
    },
    "systems": {
      "locked": {
        "lastModified": 1681028828,
        "narHash": "sha256-Vy1rq5AaRuLzOxct8nz4T6wlgyUR7zLU309k9mBC768=",
        "owner": "nix-systems",
        "repo": "default",
        "rev": "da67096a3b9bf56a91d16901293e51ba5b49a27e",
        "type": "github"
      },
      "original": {
        "owner": "nix-systems",
        "repo": "default",
        "type": "github"
      }
    },
    "tchap-desktop": {
      "inputs": {
        "nixpkgs": [
          "nixos"
        ]
      },
      "locked": {
        "lastModified": 1788815622,
        "narHash": "sha256-FasUKQNNe8+CeL4jFj5jToSPAx516IodwBJZ3IKoro0=",
        "owner": "Tenshock",
        "repo": "tchap-desktop",
        "rev": "8e000089320606ceea6c2be18085b5f7c6f6eb5b",
        "type": "github"
      },
      "original": {
        "owner": "Tenshock",
        "ref": "feat/nix-package",
        "repo": "tchap-desktop",
        "type": "github"
      }
    },
    "telescope-terraform-doc-nvim": {
      "flake": false,
      "locked": {
        "lastModified": 1761352877,
        "narHash": "sha256-yv+/pabR/Reaj5+DSmHhW/viPdqLlq58bekY1lKVGhE=",
        "owner": "ANGkeith",
        "repo": "telescope-terraform-doc.nvim",
        "rev": "66987fac94d12704fdfd90b857f4f648e31251c9",
        "type": "github"
      },
      "original": {
        "owner": "ANGkeith",
        "repo": "telescope-terraform-doc.nvim",
        "type": "github"
      }
    },
    "telescope-terraform-nvim": {
      "flake": false,
      "locked": {
        "lastModified": 1639890667,
        "narHash": "sha256-uXWW7ewAHZlTF1BDpwgCkB4969PD6K1T5kLte5CJvTg=",
        "owner": "cappyzawa",
        "repo": "telescope-terraform.nvim",
        "rev": "072c97023797ca1a874668aaa6ae0b74425335df",
        "type": "github"
      },
      "original": {
        "owner": "cappyzawa",
        "repo": "telescope-terraform.nvim",
        "type": "github"
      }
    },
    "zen-browser": {
      "inputs": {
        "home-manager": [
          "home-manager"
        ],
        "nixpkgs": [
          "nixos"
        ]
      },
      "locked": {
        "lastModified": 1791022445,
        "narHash": "sha256-jr7YVkvOYS+bJjzBwoqtN8b8inJN8UDWziWufAWH1SY=",
        "owner": "0xc000022070",
        "repo": "zen-browser-flake",
        "rev": "e56900732d1fa6f360db502451a457ffe3ca1e6e",
        "type": "github"
      },
      "original": {
        "owner": "0xc000022070",
        "repo": "zen-browser-flake",
        "type": "github"
      }
    }
  },
  "root": "root",
  "version": 7
}
