{
  "nodes": {
    "brew-src": {
      "flake": false,
      "locked": {
        "lastModified": 1758543057,
        "narHash": "sha256-lw3V2jOGYphUFHYQ5oARcb6urlbNpUCLJy1qhsGdUmc=",
        "owner": "Homebrew",
        "repo": "brew",
        "rev": "5b236456eb93133c2bd0d60ef35ed63f1c0712f6",
        "type": "github"
      },
      "original": {
        "owner": "Homebrew",
        "ref": "4.6.12",
        "repo": "brew",
        "type": "github"
      }
    },
    "home-manager": {
      "inputs": {
        "nixpkgs": [
          "nixpkgs"
        ]
      },
      "locked": {
        "lastModified": 1760312644,
        "narHash": "sha256-U9SkK45314urw9P7MmjhEgiQwwD/BTj+T3HTuz1JU1Q=",
        "owner": "nix-community",
        "repo": "home-manager",
        "rev": "e121f3773fa596ecaba5b22e518936a632d72a90",
        "type": "github"
      },
      "original": {
        "owner": "nix-community",
        "repo": "home-manager",
        "type": "github"
      }
    },
    "homebrew-cask": {
      "flake": false,
      "locked": {
        "lastModified": 1760452771,
        "narHash": "sha256-WJNQsOYcJH1Pn+SrtTCIx/Xip2G7wfZhuvFAZbLU1hU=",
        "owner": "homebrew",
        "repo": "homebrew-cask",
        "rev": "8fcce221bdbb1fad38bf1c1b3fc7a6529a3e0685",
        "type": "github"
      },
      "original": {
        "owner": "homebrew",
        "repo": "homebrew-cask",
        "type": "github"
      }
    },
    "homebrew-core": {
      "flake": false,
      "locked": {
        "lastModified": 1760452808,
        "narHash": "sha256-fwf5W9sAwMVoXIDavmTBwLwqZp9DCYb7tuvYWyKHGLo=",
        "owner": "homebrew",
        "repo": "homebrew-core",
        "rev": "db2070efbd2c0be23d5a780ccc2018924f9ac40a",
        "type": "github"
      },
      "original": {
        "owner": "homebrew",
        "repo": "homebrew-core",
        "type": "github"
      }
    },
    "nix-darwin": {
      "inputs": {
        "nixpkgs": [
          "nixpkgs"
        ]
      },
      "locked": {
        "lastModified": 1760338583,
        "narHash": "sha256-IGwy02SH5K2hzIFrKMRsCmyvwOwWxrcquiv4DbKL1S4=",
        "owner": "nix-darwin",
        "repo": "nix-darwin",
        "rev": "9a9ab01072f78823ca627ae5e895e40d493c3ecf",
        "type": "github"
      },
      "original": {
        "owner": "nix-darwin",
        "ref": "master",
        "repo": "nix-darwin",
        "type": "github"
      }
    },
    "nix-homebrew": {
      "inputs": {
        "brew-src": "brew-src"
      },
      "locked": {
        "lastModified": 1758598228,
        "narHash": "sha256-qr60maXGbZ4FX5tejPRI3nr0bnRTnZ3AbbbfO6/6jq4=",
        "owner": "zhaofengli",
        "repo": "nix-homebrew",
        "rev": "f36e5db56e117f7df701ab152d0d2036ea85218c",
        "type": "github"
      },
      "original": {
        "owner": "zhaofengli",
        "repo": "nix-homebrew",
        "type": "github"
      }
    },
    "nixos-hardware": {
      "locked": {
        "lastModified": 1760106635,
        "narHash": "sha256-2GoxVaKWTHBxRoeUYSjv0AfSOx4qw5CWSFz2b+VolKU=",
        "owner": "NixOS",
        "repo": "nixos-hardware",
        "rev": "9ed85f8afebf2b7478f25db0a98d0e782c0ed903",
        "type": "github"
      },
      "original": {
        "owner": "NixOS",
        "repo": "nixos-hardware",
        "type": "github"
      }
    },
    "nixpkgs": {
      "locked": {
        "lastModified": 1760284886,
        "narHash": "sha256-TK9Kr0BYBQ/1P5kAsnNQhmWWKgmZXwUQr4ZMjCzWf2c=",
        "owner": "NixOS",
        "repo": "nixpkgs",
        "rev": "cf3f5c4def3c7b5f1fc012b3d839575dbe552d43",
        "type": "github"
      },
      "original": {
        "owner": "NixOS",
        "ref": "nixos-unstable",
        "repo": "nixpkgs",
        "type": "github"
      }
    },
    "root": {
      "inputs": {
        "home-manager": "home-manager",
        "homebrew-cask": "homebrew-cask",
        "homebrew-core": "homebrew-core",
        "nix-darwin": "nix-darwin",
        "nix-homebrew": "nix-homebrew",
        "nixos-hardware": "nixos-hardware",
        "nixpkgs": "nixpkgs"
      }
    }
  },
  "root": "root",
  "version": 7
}
